// !$*UTF8*$!
{
	archiveVersion = 1;
	classes = {
	};
	objectVersion = 70;
	objects = {

/* Begin PBXBuildFile section */
		027CA5C62AFE7FE400B63123 /* QuestionGeneratorTests.swift in Sources */ = {isa = PBXBuildFile; fileRef = 027CA5C52AFE7FE400B63123 /* QuestionGeneratorTests.swift */; };
		027CA5C92AFE825C00B63123 /* countries.json in Resources */ = {isa = PBXBuildFile; fileRef = 027CA5C82AFE825C00B63123 /* countries.json */; };
		BF44ECEA2C947AC2008D0131 /* ScoreCalculatorTests.swift in Sources */ = {isa = PBXBuildFile; fileRef = BF44ECE92C947ABE008D0131 /* ScoreCalculatorTests.swift */; };
		F1E031C22AEBF89A00F344F1 /* CountryServiceTests.swift in Sources */ = {isa = PBXBuildFile; fileRef = F1E031C12AEBF89A00F344F1 /* CountryServiceTests.swift */; };
		F1FBFC122AD98FCB00332F41 /* GuessTheCountryTests.swift in Sources */ = {isa = PBXBuildFile; fileRef = F1FBFC112AD98FCB00332F41 /* GuessTheCountryTests.swift */; };
		F1FBFC1C2AD98FCB00332F41 /* GuessTheCountryUITests.swift in Sources */ = {isa = PBXBuildFile; fileRef = F1FBFC1B2AD98FCB00332F41 /* GuessTheCountryUITests.swift */; };
		F1FBFC1E2AD98FCB00332F41 /* GuessTheCountryUITestsLaunchTests.swift in Sources */ = {isa = PBXBuildFile; fileRef = F1FBFC1D2AD98FCB00332F41 /* GuessTheCountryUITestsLaunchTests.swift */; };
		FDCE9E152B7671B20031B318 /* GameTests.swift in Sources */ = {isa = PBXBuildFile; fileRef = FDCE9E142B7671B20031B318 /* GameTests.swift */; };
		FDCE9E172B7672570031B318 /* GameViewModelTests.swift in Sources */ = {isa = PBXBuildFile; fileRef = FDCE9E162B7672570031B318 /* GameViewModelTests.swift */; };
/* End PBXBuildFile section */

/* Begin PBXContainerItemProxy section */
		F1FBFC0E2AD98FCB00332F41 /* PBXContainerItemProxy */ = {
			isa = PBXContainerItemProxy;
			containerPortal = F1FBFBF42AD98FC900332F41 /* Project object */;
			proxyType = 1;
			remoteGlobalIDString = F1FBFBFB2AD98FC900332F41;
			remoteInfo = GuessTheCountry;
		};
		F1FBFC182AD98FCB00332F41 /* PBXContainerItemProxy */ = {
			isa = PBXContainerItemProxy;
			containerPortal = F1FBFBF42AD98FC900332F41 /* Project object */;
			proxyType = 1;
			remoteGlobalIDString = F1FBFBFB2AD98FC900332F41;
			remoteInfo = GuessTheCountry;
		};
/* End PBXContainerItemProxy section */

/* Begin PBXFileReference section */
		027CA5C52AFE7FE400B63123 /* QuestionGeneratorTests.swift */ = {isa = PBXFileReference; lastKnownFileType = sourcecode.swift; path = QuestionGeneratorTests.swift; sourceTree = "<group>"; };
		027CA5C82AFE825C00B63123 /* countries.json */ = {isa = PBXFileReference; lastKnownFileType = text.json; path = countries.json; sourceTree = "<group>"; };
		BF44ECE92C947ABE008D0131 /* ScoreCalculatorTests.swift */ = {isa = PBXFileReference; lastKnownFileType = sourcecode.swift; path = ScoreCalculatorTests.swift; sourceTree = "<group>"; };
		F1E031BA2AEBF4FC00F344F1 /* README.md */ = {isa = PBXFileReference; lastKnownFileType = net.daringfireball.markdown; name = README.md; path = ../README.md; sourceTree = "<group>"; };
		F1E031C12AEBF89A00F344F1 /* CountryServiceTests.swift */ = {isa = PBXFileReference; lastKnownFileType = sourcecode.swift; path = CountryServiceTests.swift; sourceTree = "<group>"; };
		F1FBFBFC2AD98FC900332F41 /* GuessTheCountry.app */ = {isa = PBXFileReference; explicitFileType = wrapper.application; includeInIndex = 0; path = GuessTheCountry.app; sourceTree = BUILT_PRODUCTS_DIR; };
		F1FBFC0D2AD98FCB00332F41 /* GuessTheCountryTests.xctest */ = {isa = PBXFileReference; explicitFileType = wrapper.cfbundle; includeInIndex = 0; path = GuessTheCountryTests.xctest; sourceTree = BUILT_PRODUCTS_DIR; };
		F1FBFC112AD98FCB00332F41 /* GuessTheCountryTests.swift */ = {isa = PBXFileReference; lastKnownFileType = sourcecode.swift; path = GuessTheCountryTests.swift; sourceTree = "<group>"; };
		F1FBFC172AD98FCB00332F41 /* GuessTheCountryUITests.xctest */ = {isa = PBXFileReference; explicitFileType = wrapper.cfbundle; includeInIndex = 0; path = GuessTheCountryUITests.xctest; sourceTree = BUILT_PRODUCTS_DIR; };
		F1FBFC1B2AD98FCB00332F41 /* GuessTheCountryUITests.swift */ = {isa = PBXFileReference; lastKnownFileType = sourcecode.swift; path = GuessTheCountryUITests.swift; sourceTree = "<group>"; };
		F1FBFC1D2AD98FCB00332F41 /* GuessTheCountryUITestsLaunchTests.swift */ = {isa = PBXFileReference; lastKnownFileType = sourcecode.swift; path = GuessTheCountryUITestsLaunchTests.swift; sourceTree = "<group>"; };
		FDCE9E142B7671B20031B318 /* GameTests.swift */ = {isa = PBXFileReference; fileEncoding = 4; lastKnownFileType = sourcecode.swift; path = GameTests.swift; sourceTree = "<group>"; };
		FDCE9E162B7672570031B318 /* GameViewModelTests.swift */ = {isa = PBXFileReference; lastKnownFileType = sourcecode.swift; path = GameViewModelTests.swift; sourceTree = "<group>"; };
/* End PBXFileReference section */

/* Begin PBXFileSystemSynchronizedBuildFileExceptionSet section */
		BF97C5A92CB3D7C70030D25B /* PBXFileSystemSynchronizedBuildFileExceptionSet */ = {
			isa = PBXFileSystemSynchronizedBuildFileExceptionSet;
			membershipExceptions = (
				Info.plist,
			);
			target = F1FBFBFB2AD98FC900332F41 /* GuessTheCountry */;
		};
/* End PBXFileSystemSynchronizedBuildFileExceptionSet section */

/* Begin PBXFileSystemSynchronizedRootGroup section */
		BF97C58B2CB3D7C70030D25B /* GuessTheCountry */ = {isa = PBXFileSystemSynchronizedRootGroup; exceptions = (BF97C5A92CB3D7C70030D25B /* PBXFileSystemSynchronizedBuildFileExceptionSet */, ); explicitFileTypes = {}; explicitFolders = (); path = GuessTheCountry; sourceTree = "<group>"; };
/* End PBXFileSystemSynchronizedRootGroup section */

/* Begin PBXFrameworksBuildPhase section */
		F1FBFBF92AD98FC900332F41 /* Frameworks */ = {
			isa = PBXFrameworksBuildPhase;
			buildActionMask = 2147483647;
			files = (
			);
			runOnlyForDeploymentPostprocessing = 0;
		};
		F1FBFC0A2AD98FCB00332F41 /* Frameworks */ = {
			isa = PBXFrameworksBuildPhase;
			buildActionMask = 2147483647;
			files = (
			);
			runOnlyForDeploymentPostprocessing = 0;
		};
		F1FBFC142AD98FCB00332F41 /* Frameworks */ = {
			isa = PBXFrameworksBuildPhase;
			buildActionMask = 2147483647;
			files = (
			);
			runOnlyForDeploymentPostprocessing = 0;
		};
/* End PBXFrameworksBuildPhase section */

/* Begin PBXGroup section */
		027CA5C72AFE823000B63123 /* Jsons */ = {
			isa = PBXGroup;
			children = (
				027CA5C82AFE825C00B63123 /* countries.json */,
			);
			path = Jsons;
			sourceTree = "<group>";
		};
		F1FBFBF32AD98FC900332F41 = {
			isa = PBXGroup;
			children = (
				F1E031BA2AEBF4FC00F344F1 /* README.md */,
				BF97C58B2CB3D7C70030D25B /* GuessTheCountry */,
				F1FBFC102AD98FCB00332F41 /* GuessTheCountryTests */,
				F1FBFC1A2AD98FCB00332F41 /* GuessTheCountryUITests */,
				F1FBFBFD2AD98FC900332F41 /* Products */,
			);
			sourceTree = "<group>";
		};
		F1FBFBFD2AD98FC900332F41 /* Products */ = {
			isa = PBXGroup;
			children = (
				F1FBFBFC2AD98FC900332F41 /* GuessTheCountry.app */,
				F1FBFC0D2AD98FCB00332F41 /* GuessTheCountryTests.xctest */,
				F1FBFC172AD98FCB00332F41 /* GuessTheCountryUITests.xctest */,
			);
			name = Products;
			sourceTree = "<group>";
		};
		F1FBFC102AD98FCB00332F41 /* GuessTheCountryTests */ = {
			isa = PBXGroup;
			children = (
				BF44ECE92C947ABE008D0131 /* ScoreCalculatorTests.swift */,
				FDCE9E142B7671B20031B318 /* GameTests.swift */,
				027CA5C72AFE823000B63123 /* Jsons */,
				F1FBFC112AD98FCB00332F41 /* GuessTheCountryTests.swift */,
				F1E031C12AEBF89A00F344F1 /* CountryServiceTests.swift */,
				027CA5C52AFE7FE400B63123 /* QuestionGeneratorTests.swift */,
				FDCE9E162B7672570031B318 /* GameViewModelTests.swift */,
			);
			path = GuessTheCountryTests;
			sourceTree = "<group>";
		};
		F1FBFC1A2AD98FCB00332F41 /* GuessTheCountryUITests */ = {
			isa = PBXGroup;
			children = (
				F1FBFC1B2AD98FCB00332F41 /* GuessTheCountryUITests.swift */,
				F1FBFC1D2AD98FCB00332F41 /* GuessTheCountryUITestsLaunchTests.swift */,
			);
			path = GuessTheCountryUITests;
			sourceTree = "<group>";
		};
/* End PBXGroup section */

/* Begin PBXNativeTarget section */
		F1FBFBFB2AD98FC900332F41 /* GuessTheCountry */ = {
			isa = PBXNativeTarget;
			buildConfigurationList = F1FBFC212AD98FCB00332F41 /* Build configuration list for PBXNativeTarget "GuessTheCountry" */;
			buildPhases = (
				F1FBFBF82AD98FC900332F41 /* Sources */,
				F1FBFBF92AD98FC900332F41 /* Frameworks */,
				F1FBFBFA2AD98FC900332F41 /* Resources */,
			);
			buildRules = (
			);
			dependencies = (
			);
			fileSystemSynchronizedGroups = (
				BF97C58B2CB3D7C70030D25B /* GuessTheCountry */,
			);
			name = GuessTheCountry;
			productName = GuessTheCountry;
			productReference = F1FBFBFC2AD98FC900332F41 /* GuessTheCountry.app */;
			productType = "com.apple.product-type.application";
		};
		F1FBFC0C2AD98FCB00332F41 /* GuessTheCountryTests */ = {
			isa = PBXNativeTarget;
			buildConfigurationList = F1FBFC242AD98FCB00332F41 /* Build configuration list for PBXNativeTarget "GuessTheCountryTests" */;
			buildPhases = (
				F1FBFC092AD98FCB00332F41 /* Sources */,
				F1FBFC0A2AD98FCB00332F41 /* Frameworks */,
				F1FBFC0B2AD98FCB00332F41 /* Resources */,
			);
			buildRules = (
			);
			dependencies = (
				F1FBFC0F2AD98FCB00332F41 /* PBXTargetDependency */,
			);
			name = GuessTheCountryTests;
			productName = GuessTheCountryTests;
			productReference = F1FBFC0D2AD98FCB00332F41 /* GuessTheCountryTests.xctest */;
			productType = "com.apple.product-type.bundle.unit-test";
		};
		F1FBFC162AD98FCB00332F41 /* GuessTheCountryUITests */ = {
			isa = PBXNativeTarget;
			buildConfigurationList = F1FBFC272AD98FCB00332F41 /* Build configuration list for PBXNativeTarget "GuessTheCountryUITests" */;
			buildPhases = (
				F1FBFC132AD98FCB00332F41 /* Sources */,
				F1FBFC142AD98FCB00332F41 /* Frameworks */,
				F1FBFC152AD98FCB00332F41 /* Resources */,
			);
			buildRules = (
			);
			dependencies = (
				F1FBFC192AD98FCB00332F41 /* PBXTargetDependency */,
			);
			name = GuessTheCountryUITests;
			productName = GuessTheCountryUITests;
			productReference = F1FBFC172AD98FCB00332F41 /* GuessTheCountryUITests.xctest */;
			productType = "com.apple.product-type.bundle.ui-testing";
		};
/* End PBXNativeTarget section */

/* Begin PBXProject section */
		F1FBFBF42AD98FC900332F41 /* Project object */ = {
			isa = PBXProject;
			attributes = {
				BuildIndependentTargetsInParallel = 1;
				LastSwiftUpdateCheck = 1500;
				LastUpgradeCheck = 1600;
				TargetAttributes = {
					F1FBFBFB2AD98FC900332F41 = {
						CreatedOnToolsVersion = 15.0;
					};
					F1FBFC0C2AD98FCB00332F41 = {
						CreatedOnToolsVersion = 15.0;
						TestTargetID = F1FBFBFB2AD98FC900332F41;
					};
					F1FBFC162AD98FCB00332F41 = {
						CreatedOnToolsVersion = 15.0;
						TestTargetID = F1FBFBFB2AD98FC900332F41;
					};
				};
			};
			buildConfigurationList = F1FBFBF72AD98FC900332F41 /* Build configuration list for PBXProject "GuessTheCountry" */;
			compatibilityVersion = "Xcode 14.0";
			developmentRegion = en;
			hasScannedForEncodings = 0;
			knownRegions = (
				en,
				Base,
			);
			mainGroup = F1FBFBF32AD98FC900332F41;
			packageReferences = (
			);
			productRefGroup = F1FBFBFD2AD98FC900332F41 /* Products */;
			projectDirPath = "";
			projectRoot = "";
			targets = (
				F1FBFBFB2AD98FC900332F41 /* GuessTheCountry */,
				F1FBFC0C2AD98FCB00332F41 /* GuessTheCountryTests */,
				F1FBFC162AD98FCB00332F41 /* GuessTheCountryUITests */,
			);
		};
/* End PBXProject section */

/* Begin PBXResourcesBuildPhase section */
		F1FBFBFA2AD98FC900332F41 /* Resources */ = {
			isa = PBXResourcesBuildPhase;
			buildActionMask = 2147483647;
			files = (
			);
			runOnlyForDeploymentPostprocessing = 0;
		};
		F1FBFC0B2AD98FCB00332F41 /* Resources */ = {
			isa = PBXResourcesBuildPhase;
			buildActionMask = 2147483647;
			files = (
				027CA5C92AFE825C00B63123 /* countries.json in Resources */,
			);
			runOnlyForDeploymentPostprocessing = 0;
		};
		F1FBFC152AD98FCB00332F41 /* Resources */ = {
			isa = PBXResourcesBuildPhase;
			buildActionMask = 2147483647;
			files = (
			);
			runOnlyForDeploymentPostprocessing = 0;
		};
/* End PBXResourcesBuildPhase section */

/* Begin PBXSourcesBuildPhase section */
		F1FBFBF82AD98FC900332F41 /* Sources */ = {
			isa = PBXSourcesBuildPhase;
			buildActionMask = 2147483647;
			files = (
			);
			runOnlyForDeploymentPostprocessing = 0;
		};
		F1FBFC092AD98FCB00332F41 /* Sources */ = {
			isa = PBXSourcesBuildPhase;
			buildActionMask = 2147483647;
			files = (
				BF44ECEA2C947AC2008D0131 /* ScoreCalculatorTests.swift in Sources */,
				FDCE9E172B7672570031B318 /* GameViewModelTests.swift in Sources */,
				027CA5C62AFE7FE400B63123 /* QuestionGeneratorTests.swift in Sources */,
				F1E031C22AEBF89A00F344F1 /* CountryServiceTests.swift in Sources */,
				F1FBFC122AD98FCB00332F41 /* GuessTheCountryTests.swift in Sources */,
				FDCE9E152B7671B20031B318 /* GameTests.swift in Sources */,
			);
			runOnlyForDeploymentPostprocessing = 0;
		};
		F1FBFC132AD98FCB00332F41 /* Sources */ = {
			isa = PBXSourcesBuildPhase;
			buildActionMask = 2147483647;
			files = (
				F1FBFC1C2AD98FCB00332F41 /* GuessTheCountryUITests.swift in Sources */,
				F1FBFC1E2AD98FCB00332F41 /* GuessTheCountryUITestsLaunchTests.swift in Sources */,
			);
			runOnlyForDeploymentPostprocessing = 0;
		};
/* End PBXSourcesBuildPhase section */

/* Begin PBXTargetDependency section */
		F1FBFC0F2AD98FCB00332F41 /* PBXTargetDependency */ = {
			isa = PBXTargetDependency;
			target = F1FBFBFB2AD98FC900332F41 /* GuessTheCountry */;
			targetProxy = F1FBFC0E2AD98FCB00332F41 /* PBXContainerItemProxy */;
		};
		F1FBFC192AD98FCB00332F41 /* PBXTargetDependency */ = {
			isa = PBXTargetDependency;
			target = F1FBFBFB2AD98FC900332F41 /* GuessTheCountry */;
			targetProxy = F1FBFC182AD98FCB00332F41 /* PBXContainerItemProxy */;
		};
/* End PBXTargetDependency section */

/* Begin XCBuildConfiguration section */
		F1FBFC1F2AD98FCB00332F41 /* Debug */ = {
			isa = XCBuildConfiguration;
			buildSettings = {
				ALWAYS_SEARCH_USER_PATHS = NO;
				ASSETCATALOG_COMPILER_GENERATE_SWIFT_ASSET_SYMBOL_EXTENSIONS = YES;
				CLANG_ANALYZER_NONNULL = YES;
				CLANG_ANALYZER_NUMBER_OBJECT_CONVERSION = YES_AGGRESSIVE;
				CLANG_CXX_LANGUAGE_STANDARD = "gnu++20";
				CLANG_ENABLE_MODULES = YES;
				CLANG_ENABLE_OBJC_ARC = YES;
				CLANG_ENABLE_OBJC_WEAK = YES;
				CLANG_WARN_BLOCK_CAPTURE_AUTORELEASING = YES;
				CLANG_WARN_BOOL_CONVERSION = YES;
				CLANG_WARN_COMMA = YES;
				CLANG_WARN_CONSTANT_CONVERSION = YES;
				CLANG_WARN_DEPRECATED_OBJC_IMPLEMENTATIONS = YES;
				CLANG_WARN_DIRECT_OBJC_ISA_USAGE = YES_ERROR;
				CLANG_WARN_DOCUMENTATION_COMMENTS = YES;
				CLANG_WARN_EMPTY_BODY = YES;
				CLANG_WARN_ENUM_CONVERSION = YES;
				CLANG_WARN_INFINITE_RECURSION = YES;
				CLANG_WARN_INT_CONVERSION = YES;
				CLANG_WARN_NON_LITERAL_NULL_CONVERSION = YES;
				CLANG_WARN_OBJC_IMPLICIT_RETAIN_SELF = YES;
				CLANG_WARN_OBJC_LITERAL_CONVERSION = YES;
				CLANG_WARN_OBJC_ROOT_CLASS = YES_ERROR;
				CLANG_WARN_QUOTED_INCLUDE_IN_FRAMEWORK_HEADER = YES;
				CLANG_WARN_RANGE_LOOP_ANALYSIS = YES;
				CLANG_WARN_STRICT_PROTOTYPES = YES;
				CLANG_WARN_SUSPICIOUS_MOVE = YES;
				CLANG_WARN_UNGUARDED_AVAILABILITY = YES_AGGRESSIVE;
				CLANG_WARN_UNREACHABLE_CODE = YES;
				CLANG_WARN__DUPLICATE_METHOD_MATCH = YES;
				COPY_PHASE_STRIP = NO;
				DEAD_CODE_STRIPPING = YES;
				DEBUG_INFORMATION_FORMAT = dwarf;
				ENABLE_STRICT_OBJC_MSGSEND = YES;
				ENABLE_TESTABILITY = YES;
				ENABLE_USER_SCRIPT_SANDBOXING = YES;
				GCC_C_LANGUAGE_STANDARD = gnu17;
				GCC_DYNAMIC_NO_PIC = NO;
				GCC_NO_COMMON_BLOCKS = YES;
				GCC_OPTIMIZATION_LEVEL = 0;
				GCC_PREPROCESSOR_DEFINITIONS = (
					"DEBUG=1",
					"$(inherited)",
				);
				GCC_WARN_64_TO_32_BIT_CONVERSION = YES;
				GCC_WARN_ABOUT_RETURN_TYPE = YES_ERROR;
				GCC_WARN_UNDECLARED_SELECTOR = YES;
				GCC_WARN_UNINITIALIZED_AUTOS = YES_AGGRESSIVE;
				GCC_WARN_UNUSED_FUNCTION = YES;
				GCC_WARN_UNUSED_VARIABLE = YES;
				LOCALIZATION_PREFERS_STRING_CATALOGS = YES;
				MTL_ENABLE_DEBUG_INFO = INCLUDE_SOURCE;
				MTL_FAST_MATH = YES;
				ONLY_ACTIVE_ARCH = YES;
				SWIFT_ACTIVE_COMPILATION_CONDITIONS = "DEBUG $(inherited)";
				SWIFT_OPTIMIZATION_LEVEL = "-Onone";
			};
			name = Debug;
		};
		F1FBFC202AD98FCB00332F41 /* Release */ = {
			isa = XCBuildConfiguration;
			buildSettings = {
				ALWAYS_SEARCH_USER_PATHS = NO;
				ASSETCATALOG_COMPILER_GENERATE_SWIFT_ASSET_SYMBOL_EXTENSIONS = YES;
				CLANG_ANALYZER_NONNULL = YES;
				CLANG_ANALYZER_NUMBER_OBJECT_CONVERSION = YES_AGGRESSIVE;
				CLANG_CXX_LANGUAGE_STANDARD = "gnu++20";
				CLANG_ENABLE_MODULES = YES;
				CLANG_ENABLE_OBJC_ARC = YES;
				CLANG_ENABLE_OBJC_WEAK = YES;
				CLANG_WARN_BLOCK_CAPTURE_AUTORELEASING = YES;
				CLANG_WARN_BOOL_CONVERSION = YES;
				CLANG_WARN_COMMA = YES;
				CLANG_WARN_CONSTANT_CONVERSION = YES;
				CLANG_WARN_DEPRECATED_OBJC_IMPLEMENTATIONS = YES;
				CLANG_WARN_DIRECT_OBJC_ISA_USAGE = YES_ERROR;
				CLANG_WARN_DOCUMENTATION_COMMENTS = YES;
				CLANG_WARN_EMPTY_BODY = YES;
				CLANG_WARN_ENUM_CONVERSION = YES;
				CLANG_WARN_INFINITE_RECURSION = YES;
				CLANG_WARN_INT_CONVERSION = YES;
				CLANG_WARN_NON_LITERAL_NULL_CONVERSION = YES;
				CLANG_WARN_OBJC_IMPLICIT_RETAIN_SELF = YES;
				CLANG_WARN_OBJC_LITERAL_CONVERSION = YES;
				CLANG_WARN_OBJC_ROOT_CLASS = YES_ERROR;
				CLANG_WARN_QUOTED_INCLUDE_IN_FRAMEWORK_HEADER = YES;
				CLANG_WARN_RANGE_LOOP_ANALYSIS = YES;
				CLANG_WARN_STRICT_PROTOTYPES = YES;
				CLANG_WARN_SUSPICIOUS_MOVE = YES;
				CLANG_WARN_UNGUARDED_AVAILABILITY = YES_AGGRESSIVE;
				CLANG_WARN_UNREACHABLE_CODE = YES;
				CLANG_WARN__DUPLICATE_METHOD_MATCH = YES;
				COPY_PHASE_STRIP = NO;
				DEAD_CODE_STRIPPING = YES;
				DEBUG_INFORMATION_FORMAT = "dwarf-with-dsym";
				ENABLE_NS_ASSERTIONS = NO;
				ENABLE_STRICT_OBJC_MSGSEND = YES;
				ENABLE_USER_SCRIPT_SANDBOXING = YES;
				GCC_C_LANGUAGE_STANDARD = gnu17;
				GCC_NO_COMMON_BLOCKS = YES;
				GCC_WARN_64_TO_32_BIT_CONVERSION = YES;
				GCC_WARN_ABOUT_RETURN_TYPE = YES_ERROR;
				GCC_WARN_UNDECLARED_SELECTOR = YES;
				GCC_WARN_UNINITIALIZED_AUTOS = YES_AGGRESSIVE;
				GCC_WARN_UNUSED_FUNCTION = YES;
				GCC_WARN_UNUSED_VARIABLE = YES;
				LOCALIZATION_PREFERS_STRING_CATALOGS = YES;
				MTL_ENABLE_DEBUG_INFO = NO;
				MTL_FAST_MATH = YES;
				SWIFT_COMPILATION_MODE = wholemodule;
			};
			name = Release;
		};
		F1FBFC222AD98FCB00332F41 /* Debug */ = {
			isa = XCBuildConfiguration;
			buildSettings = {
				ASSETCATALOG_COMPILER_APPICON_NAME = AppIcon;
				ASSETCATALOG_COMPILER_GLOBAL_ACCENT_COLOR_NAME = AccentColor;
				CODE_SIGN_ENTITLEMENTS = GuessTheCountry/GuessTheCountry.entitlements;
				CODE_SIGN_IDENTITY = "Apple Development";
				CODE_SIGN_STYLE = Automatic;
				CURRENT_PROJECT_VERSION = 2;
				DEAD_CODE_STRIPPING = YES;
				DEVELOPMENT_ASSET_PATHS = "\"GuessTheCountry/Preview Content\"";
				DEVELOPMENT_TEAM = 254M6TE7EY;
				ENABLE_HARDENED_RUNTIME = YES;
				ENABLE_PREVIEWS = YES;
				GENERATE_INFOPLIST_FILE = YES;
				INFOPLIST_FILE = GuessTheCountry/Info.plist;
				"INFOPLIST_KEY_UIApplicationSceneManifest_Generation[sdk=iphoneos*]" = YES;
				"INFOPLIST_KEY_UIApplicationSceneManifest_Generation[sdk=iphonesimulator*]" = YES;
				"INFOPLIST_KEY_UIApplicationSupportsIndirectInputEvents[sdk=iphoneos*]" = YES;
				"INFOPLIST_KEY_UIApplicationSupportsIndirectInputEvents[sdk=iphonesimulator*]" = YES;
				"INFOPLIST_KEY_UILaunchScreen_Generation[sdk=iphoneos*]" = YES;
				"INFOPLIST_KEY_UILaunchScreen_Generation[sdk=iphonesimulator*]" = YES;
				"INFOPLIST_KEY_UIStatusBarStyle[sdk=iphoneos*]" = UIStatusBarStyleDefault;
				"INFOPLIST_KEY_UIStatusBarStyle[sdk=iphonesimulator*]" = UIStatusBarStyleDefault;
				INFOPLIST_KEY_UISupportedInterfaceOrientations_iPad = "UIInterfaceOrientationPortrait UIInterfaceOrientationPortraitUpsideDown UIInterfaceOrientationLandscapeLeft UIInterfaceOrientationLandscapeRight";
				INFOPLIST_KEY_UISupportedInterfaceOrientations_iPhone = "UIInterfaceOrientationPortrait UIInterfaceOrientationLandscapeLeft UIInterfaceOrientationLandscapeRight";
				IPHONEOS_DEPLOYMENT_TARGET = 18.0;
				LD_RUNPATH_SEARCH_PATHS = "@executable_path/Frameworks";
				"LD_RUNPATH_SEARCH_PATHS[sdk=macosx*]" = "@executable_path/../Frameworks";
				MACOSX_DEPLOYMENT_TARGET = 14.0;
				MARKETING_VERSION = 1.0;
				PRODUCT_BUNDLE_IDENTIFIER = fr.ippon.countryguesser;
				PRODUCT_NAME = "$(TARGET_NAME)";
				PROVISIONING_PROFILE_SPECIFIER = "";
				SDKROOT = auto;
				SUPPORTED_PLATFORMS = "iphoneos iphonesimulator macosx";
				SWIFT_EMIT_LOC_STRINGS = YES;
				SWIFT_VERSION = 6.0;
				TARGETED_DEVICE_FAMILY = "1,2";
			};
			name = Debug;
		};
		F1FBFC232AD98FCB00332F41 /* Release */ = {
			isa = XCBuildConfiguration;
			buildSettings = {
				ASSETCATALOG_COMPILER_APPICON_NAME = AppIcon;
				ASSETCATALOG_COMPILER_GLOBAL_ACCENT_COLOR_NAME = AccentColor;
				CODE_SIGN_ENTITLEMENTS = GuessTheCountry/GuessTheCountry.entitlements;
				CODE_SIGN_IDENTITY = "Apple Development";
				CODE_SIGN_STYLE = Automatic;
				CURRENT_PROJECT_VERSION = 2;
				DEAD_CODE_STRIPPING = YES;
				DEVELOPMENT_ASSET_PATHS = "\"GuessTheCountry/Preview Content\"";
				DEVELOPMENT_TEAM = 254M6TE7EY;
				ENABLE_HARDENED_RUNTIME = YES;
				ENABLE_PREVIEWS = YES;
				GENERATE_INFOPLIST_FILE = YES;
				INFOPLIST_FILE = GuessTheCountry/Info.plist;
				"INFOPLIST_KEY_UIApplicationSceneManifest_Generation[sdk=iphoneos*]" = YES;
				"INFOPLIST_KEY_UIApplicationSceneManifest_Generation[sdk=iphonesimulator*]" = YES;
				"INFOPLIST_KEY_UIApplicationSupportsIndirectInputEvents[sdk=iphoneos*]" = YES;
				"INFOPLIST_KEY_UIApplicationSupportsIndirectInputEvents[sdk=iphonesimulator*]" = YES;
				"INFOPLIST_KEY_UILaunchScreen_Generation[sdk=iphoneos*]" = YES;
				"INFOPLIST_KEY_UILaunchScreen_Generation[sdk=iphonesimulator*]" = YES;
				"INFOPLIST_KEY_UIStatusBarStyle[sdk=iphoneos*]" = UIStatusBarStyleDefault;
				"INFOPLIST_KEY_UIStatusBarStyle[sdk=iphonesimulator*]" = UIStatusBarStyleDefault;
				INFOPLIST_KEY_UISupportedInterfaceOrientations_iPad = "UIInterfaceOrientationPortrait UIInterfaceOrientationPortraitUpsideDown UIInterfaceOrientationLandscapeLeft UIInterfaceOrientationLandscapeRight";
				INFOPLIST_KEY_UISupportedInterfaceOrientations_iPhone = "UIInterfaceOrientationPortrait UIInterfaceOrientationLandscapeLeft UIInterfaceOrientationLandscapeRight";
				IPHONEOS_DEPLOYMENT_TARGET = 18.0;
				LD_RUNPATH_SEARCH_PATHS = "@executable_path/Frameworks";
				"LD_RUNPATH_SEARCH_PATHS[sdk=macosx*]" = "@executable_path/../Frameworks";
				MACOSX_DEPLOYMENT_TARGET = 14.0;
				MARKETING_VERSION = 1.0;
				PRODUCT_BUNDLE_IDENTIFIER = fr.ippon.countryguesser;
				PRODUCT_NAME = "$(TARGET_NAME)";
				PROVISIONING_PROFILE_SPECIFIER = "";
				SDKROOT = auto;
				SUPPORTED_PLATFORMS = "iphoneos iphonesimulator macosx";
				SWIFT_EMIT_LOC_STRINGS = YES;
				SWIFT_VERSION = 6.0;
				TARGETED_DEVICE_FAMILY = "1,2";
			};
			name = Release;
		};
		F1FBFC252AD98FCB00332F41 /* Debug */ = {
			isa = XCBuildConfiguration;
			buildSettings = {
				BUNDLE_LOADER = "$(TEST_HOST)";
				CODE_SIGN_STYLE = Automatic;
				CURRENT_PROJECT_VERSION = 1;
				DEAD_CODE_STRIPPING = YES;
				DEVELOPMENT_TEAM = 254M6TE7EY;
				GENERATE_INFOPLIST_FILE = YES;
				IPHONEOS_DEPLOYMENT_TARGET = 18.0;
				MACOSX_DEPLOYMENT_TARGET = 14.0;
				MARKETING_VERSION = 1.0;
				PRODUCT_BUNDLE_IDENTIFIER = fr.ippon.GuessTheCountryTests;
				PRODUCT_NAME = "$(TARGET_NAME)";
				SDKROOT = auto;
				SUPPORTED_PLATFORMS = "iphoneos iphonesimulator macosx";
				SWIFT_EMIT_LOC_STRINGS = NO;
				SWIFT_VERSION = 5.0;
				TARGETED_DEVICE_FAMILY = "1,2";
				TEST_HOST = "$(BUILT_PRODUCTS_DIR)/GuessTheCountry.app/$(BUNDLE_EXECUTABLE_FOLDER_PATH)/GuessTheCountry";
			};
			name = Debug;
		};
		F1FBFC262AD98FCB00332F41 /* Release */ = {
			isa = XCBuildConfiguration;
			buildSettings = {
				BUNDLE_LOADER = "$(TEST_HOST)";
				CODE_SIGN_STYLE = Automatic;
				CURRENT_PROJECT_VERSION = 1;
				DEAD_CODE_STRIPPING = YES;
				DEVELOPMENT_TEAM = 254M6TE7EY;
				GENERATE_INFOPLIST_FILE = YES;
				IPHONEOS_DEPLOYMENT_TARGET = 18.0;
				MACOSX_DEPLOYMENT_TARGET = 14.0;
				MARKETING_VERSION = 1.0;
				PRODUCT_BUNDLE_IDENTIFIER = fr.ippon.GuessTheCountryTests;
				PRODUCT_NAME = "$(TARGET_NAME)";
				SDKROOT = auto;
				SUPPORTED_PLATFORMS = "iphoneos iphonesimulator macosx";
				SWIFT_EMIT_LOC_STRINGS = NO;
				SWIFT_VERSION = 5.0;
				TARGETED_DEVICE_FAMILY = "1,2";
				TEST_HOST = "$(BUILT_PRODUCTS_DIR)/GuessTheCountry.app/$(BUNDLE_EXECUTABLE_FOLDER_PATH)/GuessTheCountry";
			};
			name = Release;
		};
		F1FBFC282AD98FCB00332F41 /* Debug */ = {
			isa = XCBuildConfiguration;
			buildSettings = {
				CODE_SIGN_STYLE = Automatic;
				CURRENT_PROJECT_VERSION = 1;
				DEAD_CODE_STRIPPING = YES;
				DEVELOPMENT_TEAM = 2UQH8275LS;
				GENERATE_INFOPLIST_FILE = YES;
				IPHONEOS_DEPLOYMENT_TARGET = 17.0;
				MACOSX_DEPLOYMENT_TARGET = 14.0;
				MARKETING_VERSION = 1.0;
				PRODUCT_BUNDLE_IDENTIFIER = fr.ippon.GuessTheCountryUITests;
				PRODUCT_NAME = "$(TARGET_NAME)";
				SDKROOT = auto;
				SUPPORTED_PLATFORMS = "iphoneos iphonesimulator macosx";
				SWIFT_EMIT_LOC_STRINGS = NO;
				SWIFT_VERSION = 5.0;
				TARGETED_DEVICE_FAMILY = "1,2";
				TEST_TARGET_NAME = GuessTheCountry;
			};
			name = Debug;
		};
		F1FBFC292AD98FCB00332F41 /* Release */ = {
			isa = XCBuildConfiguration;
			buildSettings = {
				CODE_SIGN_STYLE = Automatic;
				CURRENT_PROJECT_VERSION = 1;
				DEAD_CODE_STRIPPING = YES;
				DEVELOPMENT_TEAM = 2UQH8275LS;
				GENERATE_INFOPLIST_FILE = YES;
				IPHONEOS_DEPLOYMENT_TARGET = 17.0;
				MACOSX_DEPLOYMENT_TARGET = 14.0;
				MARKETING_VERSION = 1.0;
				PRODUCT_BUNDLE_IDENTIFIER = fr.ippon.GuessTheCountryUITests;
				PRODUCT_NAME = "$(TARGET_NAME)";
				SDKROOT = auto;
				SUPPORTED_PLATFORMS = "iphoneos iphonesimulator macosx";
				SWIFT_EMIT_LOC_STRINGS = NO;
				SWIFT_VERSION = 5.0;
				TARGETED_DEVICE_FAMILY = "1,2";
				TEST_TARGET_NAME = GuessTheCountry;
			};
			name = Release;
		};
/* End XCBuildConfiguration section */

/* Begin XCConfigurationList section */
		F1FBFBF72AD98FC900332F41 /* Build configuration list for PBXProject "GuessTheCountry" */ = {
			isa = XCConfigurationList;
			buildConfigurations = (
				F1FBFC1F2AD98FCB00332F41 /* Debug */,
				F1FBFC202AD98FCB00332F41 /* Release */,
			);
			defaultConfigurationIsVisible = 0;
			defaultConfigurationName = Release;
		};
		F1FBFC212AD98FCB00332F41 /* Build configuration list for PBXNativeTarget "GuessTheCountry" */ = {
			isa = XCConfigurationList;
			buildConfigurations = (
				F1FBFC222AD98FCB00332F41 /* Debug */,
				F1FBFC232AD98FCB00332F41 /* Release */,
			);
			defaultConfigurationIsVisible = 0;
			defaultConfigurationName = Release;
		};
		F1FBFC242AD98FCB00332F41 /* Build configuration list for PBXNativeTarget "GuessTheCountryTests" */ = {
			isa = XCConfigurationList;
			buildConfigurations = (
				F1FBFC252AD98FCB00332F41 /* Debug */,
				F1FBFC262AD98FCB00332F41 /* Release */,
			);
			defaultConfigurationIsVisible = 0;
			defaultConfigurationName = Release;
		};
		F1FBFC272AD98FCB00332F41 /* Build configuration list for PBXNativeTarget "GuessTheCountryUITests" */ = {
			isa = XCConfigurationList;
			buildConfigurations = (
				F1FBFC282AD98FCB00332F41 /* Debug */,
				F1FBFC292AD98FCB00332F41 /* Release */,
			);
			defaultConfigurationIsVisible = 0;
			defaultConfigurationName = Release;
		};
/* End XCConfigurationList section */
	};
	rootObject = F1FBFBF42AD98FC900332F41 /* Project object */;
}
